// !$*UTF8*$!
{
	archiveVersion = 1;
	classes = {
	};
	objectVersion = 56;
	objects = {

/* Begin PBXBuildFile section */
		4E82181D2A8DFAAC00250CE0 /* FeedManager.swift in Sources */ = {isa = PBXBuildFile; fileRef = 4E82181C2A8DFAAC00250CE0 /* FeedManager.swift */; };
		4E82181F2A8DFB7500250CE0 /* ShowFeed.swift in Sources */ = {isa = PBXBuildFile; fileRef = 4E82181E2A8DFB7500250CE0 /* ShowFeed.swift */; };
		4ED316DA2A8F49410053F33D /* FeedCell.swift in Sources */ = {isa = PBXBuildFile; fileRef = 4ED316D92A8F49410053F33D /* FeedCell.swift */; };
		AB1194362A8A0AD700E54E79 /* AppDelegate.swift in Sources */ = {isa = PBXBuildFile; fileRef = AB1194352A8A0AD700E54E79 /* AppDelegate.swift */; };
		AB1194382A8A0AD700E54E79 /* SceneDelegate.swift in Sources */ = {isa = PBXBuildFile; fileRef = AB1194372A8A0AD700E54E79 /* SceneDelegate.swift */; };
		AB11943A2A8A0AD700E54E79 /* ViewController.swift in Sources */ = {isa = PBXBuildFile; fileRef = AB1194392A8A0AD700E54E79 /* ViewController.swift */; };
		AB11943D2A8A0AD700E54E79 /* Main.storyboard in Resources */ = {isa = PBXBuildFile; fileRef = AB11943B2A8A0AD700E54E79 /* Main.storyboard */; };
		AB11943F2A8A0AD900E54E79 /* Assets.xcassets in Resources */ = {isa = PBXBuildFile; fileRef = AB11943E2A8A0AD900E54E79 /* Assets.xcassets */; };
		AB1194422A8A0AD900E54E79 /* LaunchScreen.storyboard in Resources */ = {isa = PBXBuildFile; fileRef = AB1194402A8A0AD900E54E79 /* LaunchScreen.storyboard */; };
		AB11944C2A8A361B00E54E79 /* Extension.swift in Sources */ = {isa = PBXBuildFile; fileRef = AB11944B2A8A361B00E54E79 /* Extension.swift */; };
		AB11944E2A8A391000E54E79 /* HomeScreen.swift in Sources */ = {isa = PBXBuildFile; fileRef = AB11944D2A8A391000E54E79 /* HomeScreen.swift */; };
		AB1194522A8A396F00E54E79 /* AddScreen.swift in Sources */ = {isa = PBXBuildFile; fileRef = AB1194512A8A396F00E54E79 /* AddScreen.swift */; };
		AB1194542A8A3BB500E54E79 /* MessageScreen.swift in Sources */ = {isa = PBXBuildFile; fileRef = AB1194532A8A3BB500E54E79 /* MessageScreen.swift */; };
		AB1194562A8A3BC400E54E79 /* MyPageScreen.swift in Sources */ = {isa = PBXBuildFile; fileRef = AB1194552A8A3BC400E54E79 /* MyPageScreen.swift */; };
		ABA992DE2A8F56FA00E93D46 /* DetailScreen.swift in Sources */ = {isa = PBXBuildFile; fileRef = ABA992DD2A8F56FA00E93D46 /* DetailScreen.swift */; };
/* End PBXBuildFile section */

/* Begin PBXFileReference section */
		4E82181C2A8DFAAC00250CE0 /* FeedManager.swift */ = {isa = PBXFileReference; lastKnownFileType = sourcecode.swift; path = FeedManager.swift; sourceTree = "<group>"; };
		4E82181E2A8DFB7500250CE0 /* ShowFeed.swift */ = {isa = PBXFileReference; lastKnownFileType = sourcecode.swift; path = ShowFeed.swift; sourceTree = "<group>"; };
		4ED316D92A8F49410053F33D /* FeedCell.swift */ = {isa = PBXFileReference; lastKnownFileType = sourcecode.swift; path = FeedCell.swift; sourceTree = "<group>"; };
		AB1194322A8A0AD700E54E79 /* BeanNoddle.app */ = {isa = PBXFileReference; explicitFileType = wrapper.application; includeInIndex = 0; path = BeanNoddle.app; sourceTree = BUILT_PRODUCTS_DIR; };
		AB1194352A8A0AD700E54E79 /* AppDelegate.swift */ = {isa = PBXFileReference; lastKnownFileType = sourcecode.swift; path = AppDelegate.swift; sourceTree = "<group>"; };
		AB1194372A8A0AD700E54E79 /* SceneDelegate.swift */ = {isa = PBXFileReference; lastKnownFileType = sourcecode.swift; path = SceneDelegate.swift; sourceTree = "<group>"; };
		AB1194392A8A0AD700E54E79 /* ViewController.swift */ = {isa = PBXFileReference; lastKnownFileType = sourcecode.swift; path = ViewController.swift; sourceTree = "<group>"; };
		AB11943C2A8A0AD700E54E79 /* Base */ = {isa = PBXFileReference; lastKnownFileType = file.storyboard; name = Base; path = Base.lproj/Main.storyboard; sourceTree = "<group>"; };
		AB11943E2A8A0AD900E54E79 /* Assets.xcassets */ = {isa = PBXFileReference; lastKnownFileType = folder.assetcatalog; path = Assets.xcassets; sourceTree = "<group>"; };
		AB1194412A8A0AD900E54E79 /* Base */ = {isa = PBXFileReference; lastKnownFileType = file.storyboard; name = Base; path = Base.lproj/LaunchScreen.storyboard; sourceTree = "<group>"; };
		AB1194432A8A0AD900E54E79 /* Info.plist */ = {isa = PBXFileReference; lastKnownFileType = text.plist.xml; path = Info.plist; sourceTree = "<group>"; };
		AB11944B2A8A361B00E54E79 /* Extension.swift */ = {isa = PBXFileReference; lastKnownFileType = sourcecode.swift; path = Extension.swift; sourceTree = "<group>"; };
		AB11944D2A8A391000E54E79 /* HomeScreen.swift */ = {isa = PBXFileReference; lastKnownFileType = sourcecode.swift; path = HomeScreen.swift; sourceTree = "<group>"; };
		AB1194512A8A396F00E54E79 /* AddScreen.swift */ = {isa = PBXFileReference; lastKnownFileType = sourcecode.swift; path = AddScreen.swift; sourceTree = "<group>"; };
		AB1194532A8A3BB500E54E79 /* MessageScreen.swift */ = {isa = PBXFileReference; lastKnownFileType = sourcecode.swift; path = MessageScreen.swift; sourceTree = "<group>"; };
		AB1194552A8A3BC400E54E79 /* MyPageScreen.swift */ = {isa = PBXFileReference; lastKnownFileType = sourcecode.swift; path = MyPageScreen.swift; sourceTree = "<group>"; };
		ABA992DD2A8F56FA00E93D46 /* DetailScreen.swift */ = {isa = PBXFileReference; lastKnownFileType = sourcecode.swift; path = DetailScreen.swift; sourceTree = "<group>"; };
/* End PBXFileReference section */

/* Begin PBXFrameworksBuildPhase section */
		AB11942F2A8A0AD700E54E79 /* Frameworks */ = {
			isa = PBXFrameworksBuildPhase;
			buildActionMask = 2147483647;
			files = (
			);
			runOnlyForDeploymentPostprocessing = 0;
		};
/* End PBXFrameworksBuildPhase section */

/* Begin PBXGroup section */
		4E8218202A8DFB8600250CE0 /* Model */ = {
			isa = PBXGroup;
			children = (
				4E82181C2A8DFAAC00250CE0 /* FeedManager.swift */,
				4E82181E2A8DFB7500250CE0 /* ShowFeed.swift */,
			);
			path = Model;
			sourceTree = "<group>";
		};
		AB1194292A8A0AD700E54E79 = {
			isa = PBXGroup;
			children = (
				AB1194342A8A0AD700E54E79 /* BeanNoddle */,
				AB1194332A8A0AD700E54E79 /* Products */,
			);
			sourceTree = "<group>";
		};
		AB1194332A8A0AD700E54E79 /* Products */ = {
			isa = PBXGroup;
			children = (
				AB1194322A8A0AD700E54E79 /* BeanNoddle.app */,
			);
			name = Products;
			sourceTree = "<group>";
		};
		AB1194342A8A0AD700E54E79 /* BeanNoddle */ = {
			isa = PBXGroup;
			children = (
				AB1194352A8A0AD700E54E79 /* AppDelegate.swift */,
				AB1194372A8A0AD700E54E79 /* SceneDelegate.swift */,
				AB1194392A8A0AD700E54E79 /* ViewController.swift */,
				4E8218202A8DFB8600250CE0 /* Model */,
				AB11944B2A8A361B00E54E79 /* Extension.swift */,
				AB1194512A8A396F00E54E79 /* AddScreen.swift */,
				AB1194532A8A3BB500E54E79 /* MessageScreen.swift */,
				AB11944D2A8A391000E54E79 /* HomeScreen.swift */,
				4ED316D92A8F49410053F33D /* FeedCell.swift */,
				AB1194552A8A3BC400E54E79 /* MyPageScreen.swift */,
				AB11943B2A8A0AD700E54E79 /* Main.storyboard */,
				AB11943E2A8A0AD900E54E79 /* Assets.xcassets */,
				AB1194402A8A0AD900E54E79 /* LaunchScreen.storyboard */,
				AB1194432A8A0AD900E54E79 /* Info.plist */,
			);
			path = BeanNoddle;
			sourceTree = "<group>";
		};
/* End PBXGroup section */

/* Begin PBXNativeTarget section */
		AB1194312A8A0AD700E54E79 /* BeanNoddle */ = {
			isa = PBXNativeTarget;
			buildConfigurationList = AB1194462A8A0AD900E54E79 /* Build configuration list for PBXNativeTarget "BeanNoddle" */;
			buildPhases = (
				AB11942E2A8A0AD700E54E79 /* Sources */,
				AB11942F2A8A0AD700E54E79 /* Frameworks */,
				AB1194302A8A0AD700E54E79 /* Resources */,
			);
			buildRules = (
			);
			dependencies = (
			);
			name = BeanNoddle;
			productName = BeanNoddle;
			productReference = AB1194322A8A0AD700E54E79 /* BeanNoddle.app */;
			productType = "com.apple.product-type.application";
		};
/* End PBXNativeTarget section */

/* Begin PBXProject section */
		AB11942A2A8A0AD700E54E79 /* Project object */ = {
			isa = PBXProject;
			attributes = {
				BuildIndependentTargetsInParallel = 1;
				LastSwiftUpdateCheck = 1430;
				LastUpgradeCheck = 1430;
				TargetAttributes = {
					AB1194312A8A0AD700E54E79 = {
						CreatedOnToolsVersion = 14.3.1;
					};
				};
			};
			buildConfigurationList = AB11942D2A8A0AD700E54E79 /* Build configuration list for PBXProject "BeanNoddle" */;
			compatibilityVersion = "Xcode 14.0";
			developmentRegion = en;
			hasScannedForEncodings = 0;
			knownRegions = (
				en,
				Base,
			);
			mainGroup = AB1194292A8A0AD700E54E79;
			productRefGroup = AB1194332A8A0AD700E54E79 /* Products */;
			projectDirPath = "";
			projectRoot = "";
			targets = (
				AB1194312A8A0AD700E54E79 /* BeanNoddle */,
			);
		};
/* End PBXProject section */

/* Begin PBXResourcesBuildPhase section */
		AB1194302A8A0AD700E54E79 /* Resources */ = {
			isa = PBXResourcesBuildPhase;
			buildActionMask = 2147483647;
			files = (
				AB1194422A8A0AD900E54E79 /* LaunchScreen.storyboard in Resources */,
				AB11943F2A8A0AD900E54E79 /* Assets.xcassets in Resources */,
				AB11943D2A8A0AD700E54E79 /* Main.storyboard in Resources */,
			);
			runOnlyForDeploymentPostprocessing = 0;
		};
/* End PBXResourcesBuildPhase section */

/* Begin PBXSourcesBuildPhase section */
		AB11942E2A8A0AD700E54E79 /* Sources */ = {
			isa = PBXSourcesBuildPhase;
			buildActionMask = 2147483647;
			files = (
				4E82181F2A8DFB7500250CE0 /* ShowFeed.swift in Sources */,
				AB1194562A8A3BC400E54E79 /* MyPageScreen.swift in Sources */,
				AB11943A2A8A0AD700E54E79 /* ViewController.swift in Sources */,
				AB1194542A8A3BB500E54E79 /* MessageScreen.swift in Sources */,
				4ED316DA2A8F49410053F33D /* FeedCell.swift in Sources */,
				AB11944E2A8A391000E54E79 /* HomeScreen.swift in Sources */,
				AB1194362A8A0AD700E54E79 /* AppDelegate.swift in Sources */,
				AB1194382A8A0AD700E54E79 /* SceneDelegate.swift in Sources */,
				ABA992DE2A8F56FA00E93D46 /* DetailScreen.swift in Sources */,
				4E82181D2A8DFAAC00250CE0 /* FeedManager.swift in Sources */,
				AB11944C2A8A361B00E54E79 /* Extension.swift in Sources */,
				AB1194522A8A396F00E54E79 /* AddScreen.swift in Sources */,
			);
			runOnlyForDeploymentPostprocessing = 0;
		};
/* End PBXSourcesBuildPhase section */

/* Begin PBXVariantGroup section */
		AB11943B2A8A0AD700E54E79 /* Main.storyboard */ = {
			isa = PBXVariantGroup;
			children = (
				AB11943C2A8A0AD700E54E79 /* Base */,
			);
			name = Main.storyboard;
			sourceTree = "<group>";
		};
		AB1194402A8A0AD900E54E79 /* LaunchScreen.storyboard */ = {
			isa = PBXVariantGroup;
			children = (
				AB1194412A8A0AD900E54E79 /* Base */,
			);
			name = LaunchScreen.storyboard;
			sourceTree = "<group>";
		};
/* End PBXVariantGroup section */

/* Begin XCBuildConfiguration section */
		AB1194442A8A0AD900E54E79 /* Debug */ = {
			isa = XCBuildConfiguration;
			buildSettings = {
				ALWAYS_SEARCH_USER_PATHS = NO;
				CLANG_ANALYZER_NONNULL = YES;
				CLANG_ANALYZER_NUMBER_OBJECT_CONVERSION = YES_AGGRESSIVE;
				CLANG_CXX_LANGUAGE_STANDARD = "gnu++20";
				CLANG_ENABLE_MODULES = YES;
				CLANG_ENABLE_OBJC_ARC = YES;
				CLANG_ENABLE_OBJC_WEAK = YES;
				CLANG_WARN_BLOCK_CAPTURE_AUTORELEASING = YES;
				CLANG_WARN_BOOL_CONVERSION = YES;
				CLANG_WARN_COMMA = YES;
				CLANG_WARN_CONSTANT_CONVERSION = YES;
				CLANG_WARN_DEPRECATED_OBJC_IMPLEMENTATIONS = YES;
				CLANG_WARN_DIRECT_OBJC_ISA_USAGE = YES_ERROR;
				CLANG_WARN_DOCUMENTATION_COMMENTS = YES;
				CLANG_WARN_EMPTY_BODY = YES;
				CLANG_WARN_ENUM_CONVERSION = YES;
				CLANG_WARN_INFINITE_RECURSION = YES;
				CLANG_WARN_INT_CONVERSION = YES;
				CLANG_WARN_NON_LITERAL_NULL_CONVERSION = YES;
				CLANG_WARN_OBJC_IMPLICIT_RETAIN_SELF = YES;
				CLANG_WARN_OBJC_LITERAL_CONVERSION = YES;
				CLANG_WARN_OBJC_ROOT_CLASS = YES_ERROR;
				CLANG_WARN_QUOTED_INCLUDE_IN_FRAMEWORK_HEADER = YES;
				CLANG_WARN_RANGE_LOOP_ANALYSIS = YES;
				CLANG_WARN_STRICT_PROTOTYPES = YES;
				CLANG_WARN_SUSPICIOUS_MOVE = YES;
				CLANG_WARN_UNGUARDED_AVAILABILITY = YES_AGGRESSIVE;
				CLANG_WARN_UNREACHABLE_CODE = YES;
				CLANG_WARN__DUPLICATE_METHOD_MATCH = YES;
				COPY_PHASE_STRIP = NO;
				DEBUG_INFORMATION_FORMAT = dwarf;
				ENABLE_STRICT_OBJC_MSGSEND = YES;
				ENABLE_TESTABILITY = YES;
				GCC_C_LANGUAGE_STANDARD = gnu11;
				GCC_DYNAMIC_NO_PIC = NO;
				GCC_NO_COMMON_BLOCKS = YES;
				GCC_OPTIMIZATION_LEVEL = 0;
				GCC_PREPROCESSOR_DEFINITIONS = (
					"DEBUG=1",
					"$(inherited)",
				);
				GCC_WARN_64_TO_32_BIT_CONVERSION = YES;
				GCC_WARN_ABOUT_RETURN_TYPE = YES_ERROR;
				GCC_WARN_UNDECLARED_SELECTOR = YES;
				GCC_WARN_UNINITIALIZED_AUTOS = YES_AGGRESSIVE;
				GCC_WARN_UNUSED_FUNCTION = YES;
				GCC_WARN_UNUSED_VARIABLE = YES;
				IPHONEOS_DEPLOYMENT_TARGET = 16.4;
				MTL_ENABLE_DEBUG_INFO = INCLUDE_SOURCE;
				MTL_FAST_MATH = YES;
				ONLY_ACTIVE_ARCH = YES;
				SDKROOT = iphoneos;
				SWIFT_ACTIVE_COMPILATION_CONDITIONS = DEBUG;
				SWIFT_OPTIMIZATION_LEVEL = "-Onone";
			};
			name = Debug;
		};
		AB1194452A8A0AD900E54E79 /* Release */ = {
			isa = XCBuildConfiguration;
			buildSettings = {
				ALWAYS_SEARCH_USER_PATHS = NO;
				CLANG_ANALYZER_NONNULL = YES;
				CLANG_ANALYZER_NUMBER_OBJECT_CONVERSION = YES_AGGRESSIVE;
				CLANG_CXX_LANGUAGE_STANDARD = "gnu++20";
				CLANG_ENABLE_MODULES = YES;
				CLANG_ENABLE_OBJC_ARC = YES;
				CLANG_ENABLE_OBJC_WEAK = YES;
				CLANG_WARN_BLOCK_CAPTURE_AUTORELEASING = YES;
				CLANG_WARN_BOOL_CONVERSION = YES;
				CLANG_WARN_COMMA = YES;
				CLANG_WARN_CONSTANT_CONVERSION = YES;
				CLANG_WARN_DEPRECATED_OBJC_IMPLEMENTATIONS = YES;
				CLANG_WARN_DIRECT_OBJC_ISA_USAGE = YES_ERROR;
				CLANG_WARN_DOCUMENTATION_COMMENTS = YES;
				CLANG_WARN_EMPTY_BODY = YES;
				CLANG_WARN_ENUM_CONVERSION = YES;
				CLANG_WARN_INFINITE_RECURSION = YES;
				CLANG_WARN_INT_CONVERSION = YES;
				CLANG_WARN_NON_LITERAL_NULL_CONVERSION = YES;
				CLANG_WARN_OBJC_IMPLICIT_RETAIN_SELF = YES;
				CLANG_WARN_OBJC_LITERAL_CONVERSION = YES;
				CLANG_WARN_OBJC_ROOT_CLASS = YES_ERROR;
				CLANG_WARN_QUOTED_INCLUDE_IN_FRAMEWORK_HEADER = YES;
				CLANG_WARN_RANGE_LOOP_ANALYSIS = YES;
				CLANG_WARN_STRICT_PROTOTYPES = YES;
				CLANG_WARN_SUSPICIOUS_MOVE = YES;
				CLANG_WARN_UNGUARDED_AVAILABILITY = YES_AGGRESSIVE;
				CLANG_WARN_UNREACHABLE_CODE = YES;
				CLANG_WARN__DUPLICATE_METHOD_MATCH = YES;
				COPY_PHASE_STRIP = NO;
				DEBUG_INFORMATION_FORMAT = "dwarf-with-dsym";
				ENABLE_NS_ASSERTIONS = NO;
				ENABLE_STRICT_OBJC_MSGSEND = YES;
				GCC_C_LANGUAGE_STANDARD = gnu11;
				GCC_NO_COMMON_BLOCKS = YES;
				GCC_WARN_64_TO_32_BIT_CONVERSION = YES;
				GCC_WARN_ABOUT_RETURN_TYPE = YES_ERROR;
				GCC_WARN_UNDECLARED_SELECTOR = YES;
				GCC_WARN_UNINITIALIZED_AUTOS = YES_AGGRESSIVE;
				GCC_WARN_UNUSED_FUNCTION = YES;
				GCC_WARN_UNUSED_VARIABLE = YES;
				IPHONEOS_DEPLOYMENT_TARGET = 16.4;
				MTL_ENABLE_DEBUG_INFO = NO;
				MTL_FAST_MATH = YES;
				SDKROOT = iphoneos;
				SWIFT_COMPILATION_MODE = wholemodule;
				SWIFT_OPTIMIZATION_LEVEL = "-O";
				VALIDATE_PRODUCT = YES;
			};
			name = Release;
		};
		AB1194472A8A0AD900E54E79 /* Debug */ = {
			isa = XCBuildConfiguration;
			buildSettings = {
				ASSETCATALOG_COMPILER_APPICON_NAME = AppIcon;
				ASSETCATALOG_COMPILER_GLOBAL_ACCENT_COLOR_NAME = AccentColor;
				CODE_SIGN_STYLE = Automatic;
				CURRENT_PROJECT_VERSION = 1;
				DEVELOPMENT_TEAM = 8633LAGB2Z;
				GENERATE_INFOPLIST_FILE = YES;
				INFOPLIST_FILE = BeanNoddle/Info.plist;
				INFOPLIST_KEY_UIApplicationSupportsIndirectInputEvents = YES;
				INFOPLIST_KEY_UILaunchStoryboardName = LaunchScreen;
				INFOPLIST_KEY_UIMainStoryboardFile = Main;
				INFOPLIST_KEY_UISupportedInterfaceOrientations_iPad = "UIInterfaceOrientationPortrait UIInterfaceOrientationPortraitUpsideDown UIInterfaceOrientationLandscapeLeft UIInterfaceOrientationLandscapeRight";
				INFOPLIST_KEY_UISupportedInterfaceOrientations_iPhone = "UIInterfaceOrientationPortrait UIInterfaceOrientationLandscapeLeft UIInterfaceOrientationLandscapeRight";
				IPHONEOS_DEPLOYMENT_TARGET = 14.0;
				LD_RUNPATH_SEARCH_PATHS = (
					"$(inherited)",
					"@executable_path/Frameworks",
				);
				MARKETING_VERSION = 1.0;
				PRODUCT_BUNDLE_IDENTIFIER = Daisy.BeanNoodle;
				PRODUCT_NAME = "$(TARGET_NAME)";
				SWIFT_EMIT_LOC_STRINGS = YES;
				SWIFT_VERSION = 5.0;
				TARGETED_DEVICE_FAMILY = "1,2";
			};
			name = Debug;
		};
		AB1194482A8A0AD900E54E79 /* Release */ = {
			isa = XCBuildConfiguration;
			buildSettings = {
				ASSETCATALOG_COMPILER_APPICON_NAME = AppIcon;
				ASSETCATALOG_COMPILER_GLOBAL_ACCENT_COLOR_NAME = AccentColor;
				CODE_SIGN_STYLE = Automatic;
				CURRENT_PROJECT_VERSION = 1;
				DEVELOPMENT_TEAM = 8633LAGB2Z;
				GENERATE_INFOPLIST_FILE = YES;
				INFOPLIST_FILE = BeanNoddle/Info.plist;
				INFOPLIST_KEY_UIApplicationSupportsIndirectInputEvents = YES;
				INFOPLIST_KEY_UILaunchStoryboardName = LaunchScreen;
				INFOPLIST_KEY_UIMainStoryboardFile = Main;
				INFOPLIST_KEY_UISupportedInterfaceOrientations_iPad = "UIInterfaceOrientationPortrait UIInterfaceOrientationPortraitUpsideDown UIInterfaceOrientationLandscapeLeft UIInterfaceOrientationLandscapeRight";
				INFOPLIST_KEY_UISupportedInterfaceOrientations_iPhone = "UIInterfaceOrientationPortrait UIInterfaceOrientationLandscapeLeft UIInterfaceOrientationLandscapeRight";
				IPHONEOS_DEPLOYMENT_TARGET = 14.0;
				LD_RUNPATH_SEARCH_PATHS = (
					"$(inherited)",
					"@executable_path/Frameworks",
				);
				MARKETING_VERSION = 1.0;
				PRODUCT_BUNDLE_IDENTIFIER = Daisy.BeanNoodle;
				PRODUCT_NAME = "$(TARGET_NAME)";
				SWIFT_EMIT_LOC_STRINGS = YES;
				SWIFT_VERSION = 5.0;
				TARGETED_DEVICE_FAMILY = "1,2";
			};
			name = Release;
		};
/* End XCBuildConfiguration section */

/* Begin XCConfigurationList section */
		AB11942D2A8A0AD700E54E79 /* Build configuration list for PBXProject "BeanNoddle" */ = {
			isa = XCConfigurationList;
			buildConfigurations = (
				AB1194442A8A0AD900E54E79 /* Debug */,
				AB1194452A8A0AD900E54E79 /* Release */,
			);
			defaultConfigurationIsVisible = 0;
			defaultConfigurationName = Release;
		};
		AB1194462A8A0AD900E54E79 /* Build configuration list for PBXNativeTarget "BeanNoddle" */ = {
			isa = XCConfigurationList;
			buildConfigurations = (
				AB1194472A8A0AD900E54E79 /* Debug */,
				AB1194482A8A0AD900E54E79 /* Release */,
			);
			defaultConfigurationIsVisible = 0;
			defaultConfigurationName = Release;
		};
/* End XCConfigurationList section */
	};
	rootObject = AB11942A2A8A0AD700E54E79 /* Project object */;
}
